// !$*UTF8*$!
{
	archiveVersion = 1;
	classes = {
	};
	objectVersion = 46;
	objects = {

/* Begin PBXBuildFile section */
		331121141B47719300FB1F47 /* MemberCollectionViewCell.swift in Sources */ = {isa = PBXBuildFile; fileRef = 331121131B47719300FB1F47 /* MemberCollectionViewCell.swift */; };
		336957D81B4783580072AD1E /* PreGameLobbyViewController.swift in Sources */ = {isa = PBXBuildFile; fileRef = 336957D71B4783580072AD1E /* PreGameLobbyViewController.swift */; };
		33F73A611B4777A900EFE8E6 /* PortfolioViewController.swift in Sources */ = {isa = PBXBuildFile; fileRef = 33F73A601B4777A900EFE8E6 /* PortfolioViewController.swift */; };
		33F73A631B477D6E00EFE8E6 /* PortfolioCollectionViewCell.swift in Sources */ = {isa = PBXBuildFile; fileRef = 33F73A621B477D6E00EFE8E6 /* PortfolioCollectionViewCell.swift */; };
		68DF69821B469CC4007C36A4 /* AppDelegate.swift in Sources */ = {isa = PBXBuildFile; fileRef = 68DF69811B469CC4007C36A4 /* AppDelegate.swift */; };
		68DF69841B469CC4007C36A4 /* ViewController.swift in Sources */ = {isa = PBXBuildFile; fileRef = 68DF69831B469CC4007C36A4 /* ViewController.swift */; };
		68DF69871B469CC4007C36A4 /* Main.storyboard in Resources */ = {isa = PBXBuildFile; fileRef = 68DF69851B469CC4007C36A4 /* Main.storyboard */; };
		68DF69891B469CC4007C36A4 /* Images.xcassets in Resources */ = {isa = PBXBuildFile; fileRef = 68DF69881B469CC4007C36A4 /* Images.xcassets */; };
		68DF698C1B469CC4007C36A4 /* LaunchScreen.xib in Resources */ = {isa = PBXBuildFile; fileRef = 68DF698A1B469CC4007C36A4 /* LaunchScreen.xib */; };
		68DF69A21B46A065007C36A4 /* Network.swift in Sources */ = {isa = PBXBuildFile; fileRef = 68DF69A11B46A065007C36A4 /* Network.swift */; };
		68DF69AC1B47699E007C36A4 /* GCDAsyncSocket.m in Sources */ = {isa = PBXBuildFile; fileRef = 68DF69A91B47699E007C36A4 /* GCDAsyncSocket.m */; };
		68DF69AD1B47699E007C36A4 /* GCDAsyncUdpSocket.m in Sources */ = {isa = PBXBuildFile; fileRef = 68DF69AB1B47699E007C36A4 /* GCDAsyncUdpSocket.m */; };
		68DF69C31B4769B4007C36A4 /* DDAbstractDatabaseLogger.m in Sources */ = {isa = PBXBuildFile; fileRef = 68DF69B11B4769B4007C36A4 /* DDAbstractDatabaseLogger.m */; };
		68DF69C41B4769B4007C36A4 /* DDASLLogger.m in Sources */ = {isa = PBXBuildFile; fileRef = 68DF69B31B4769B4007C36A4 /* DDASLLogger.m */; };
		68DF69C51B4769B4007C36A4 /* DDFileLogger.m in Sources */ = {isa = PBXBuildFile; fileRef = 68DF69B51B4769B4007C36A4 /* DDFileLogger.m */; };
		68DF69C61B4769B4007C36A4 /* DDLog.m in Sources */ = {isa = PBXBuildFile; fileRef = 68DF69B81B4769B4007C36A4 /* DDLog.m */; };
		68DF69C71B4769B4007C36A4 /* DDTTYLogger.m in Sources */ = {isa = PBXBuildFile; fileRef = 68DF69BA1B4769B4007C36A4 /* DDTTYLogger.m */; };
		68DF69C81B4769B4007C36A4 /* DDContextFilterLogFormatter.m in Sources */ = {isa = PBXBuildFile; fileRef = 68DF69BD1B4769B4007C36A4 /* DDContextFilterLogFormatter.m */; };
		68DF69C91B4769B4007C36A4 /* DDDispatchQueueLogFormatter.m in Sources */ = {isa = PBXBuildFile; fileRef = 68DF69BF1B4769B4007C36A4 /* DDDispatchQueueLogFormatter.m */; };
		68DF69CA1B4769B4007C36A4 /* DDMultiFormatter.m in Sources */ = {isa = PBXBuildFile; fileRef = 68DF69C11B4769B4007C36A4 /* DDMultiFormatter.m */; };
/* End PBXBuildFile section */

/* Begin PBXFileReference section */
		331121131B47719300FB1F47 /* MemberCollectionViewCell.swift */ = {isa = PBXFileReference; fileEncoding = 4; lastKnownFileType = sourcecode.swift; path = MemberCollectionViewCell.swift; sourceTree = "<group>"; };
		336957D71B4783580072AD1E /* PreGameLobbyViewController.swift */ = {isa = PBXFileReference; fileEncoding = 4; lastKnownFileType = sourcecode.swift; path = PreGameLobbyViewController.swift; sourceTree = "<group>"; };
		33F73A601B4777A900EFE8E6 /* PortfolioViewController.swift */ = {isa = PBXFileReference; fileEncoding = 4; lastKnownFileType = sourcecode.swift; path = PortfolioViewController.swift; sourceTree = "<group>"; };
		33F73A621B477D6E00EFE8E6 /* PortfolioCollectionViewCell.swift */ = {isa = PBXFileReference; fileEncoding = 4; lastKnownFileType = sourcecode.swift; path = PortfolioCollectionViewCell.swift; sourceTree = "<group>"; };
		68DF697C1B469CC4007C36A4 /* QuestionTime.app */ = {isa = PBXFileReference; explicitFileType = wrapper.application; includeInIndex = 0; path = QuestionTime.app; sourceTree = BUILT_PRODUCTS_DIR; };
		68DF69801B469CC4007C36A4 /* Info.plist */ = {isa = PBXFileReference; lastKnownFileType = text.plist.xml; path = Info.plist; sourceTree = "<group>"; };
		68DF69811B469CC4007C36A4 /* AppDelegate.swift */ = {isa = PBXFileReference; lastKnownFileType = sourcecode.swift; path = AppDelegate.swift; sourceTree = "<group>"; };
		68DF69831B469CC4007C36A4 /* ViewController.swift */ = {isa = PBXFileReference; lastKnownFileType = sourcecode.swift; path = ViewController.swift; sourceTree = "<group>"; };
		68DF69861B469CC4007C36A4 /* Base */ = {isa = PBXFileReference; lastKnownFileType = file.storyboard; name = Base; path = Base.lproj/Main.storyboard; sourceTree = "<group>"; };
		68DF69881B469CC4007C36A4 /* Images.xcassets */ = {isa = PBXFileReference; lastKnownFileType = folder.assetcatalog; path = Images.xcassets; sourceTree = "<group>"; };
		68DF698B1B469CC4007C36A4 /* Base */ = {isa = PBXFileReference; lastKnownFileType = file.xib; name = Base; path = Base.lproj/LaunchScreen.xib; sourceTree = "<group>"; };
		68DF69A11B46A065007C36A4 /* Network.swift */ = {isa = PBXFileReference; fileEncoding = 4; lastKnownFileType = sourcecode.swift; path = Network.swift; sourceTree = "<group>"; };
		68DF69A41B47637B007C36A4 /* QuestionTime-Bridging-Header.h */ = {isa = PBXFileReference; lastKnownFileType = sourcecode.c.h; path = "QuestionTime-Bridging-Header.h"; sourceTree = "<group>"; };
		68DF69A81B47699E007C36A4 /* GCDAsyncSocket.h */ = {isa = PBXFileReference; fileEncoding = 4; lastKnownFileType = sourcecode.c.h; name = GCDAsyncSocket.h; path = CocoaAsyncSocket/GCD/GCDAsyncSocket.h; sourceTree = "<group>"; };
		68DF69A91B47699E007C36A4 /* GCDAsyncSocket.m */ = {isa = PBXFileReference; fileEncoding = 4; lastKnownFileType = sourcecode.c.objc; name = GCDAsyncSocket.m; path = CocoaAsyncSocket/GCD/GCDAsyncSocket.m; sourceTree = "<group>"; };
		68DF69AA1B47699E007C36A4 /* GCDAsyncUdpSocket.h */ = {isa = PBXFileReference; fileEncoding = 4; lastKnownFileType = sourcecode.c.h; name = GCDAsyncUdpSocket.h; path = CocoaAsyncSocket/GCD/GCDAsyncUdpSocket.h; sourceTree = "<group>"; };
		68DF69AB1B47699E007C36A4 /* GCDAsyncUdpSocket.m */ = {isa = PBXFileReference; fileEncoding = 4; lastKnownFileType = sourcecode.c.objc; name = GCDAsyncUdpSocket.m; path = CocoaAsyncSocket/GCD/GCDAsyncUdpSocket.m; sourceTree = "<group>"; };
		68DF69B01B4769B4007C36A4 /* DDAbstractDatabaseLogger.h */ = {isa = PBXFileReference; fileEncoding = 4; lastKnownFileType = sourcecode.c.h; path = DDAbstractDatabaseLogger.h; sourceTree = "<group>"; };
		68DF69B11B4769B4007C36A4 /* DDAbstractDatabaseLogger.m */ = {isa = PBXFileReference; fileEncoding = 4; lastKnownFileType = sourcecode.c.objc; path = DDAbstractDatabaseLogger.m; sourceTree = "<group>"; };
		68DF69B21B4769B4007C36A4 /* DDASLLogger.h */ = {isa = PBXFileReference; fileEncoding = 4; lastKnownFileType = sourcecode.c.h; path = DDASLLogger.h; sourceTree = "<group>"; };
		68DF69B31B4769B4007C36A4 /* DDASLLogger.m */ = {isa = PBXFileReference; fileEncoding = 4; lastKnownFileType = sourcecode.c.objc; path = DDASLLogger.m; sourceTree = "<group>"; };
		68DF69B41B4769B4007C36A4 /* DDFileLogger.h */ = {isa = PBXFileReference; fileEncoding = 4; lastKnownFileType = sourcecode.c.h; path = DDFileLogger.h; sourceTree = "<group>"; };
		68DF69B51B4769B4007C36A4 /* DDFileLogger.m */ = {isa = PBXFileReference; fileEncoding = 4; lastKnownFileType = sourcecode.c.objc; path = DDFileLogger.m; sourceTree = "<group>"; };
		68DF69B61B4769B4007C36A4 /* DDLog+LOGV.h */ = {isa = PBXFileReference; fileEncoding = 4; lastKnownFileType = sourcecode.c.h; path = "DDLog+LOGV.h"; sourceTree = "<group>"; };
		68DF69B71B4769B4007C36A4 /* DDLog.h */ = {isa = PBXFileReference; fileEncoding = 4; lastKnownFileType = sourcecode.c.h; path = DDLog.h; sourceTree = "<group>"; };
		68DF69B81B4769B4007C36A4 /* DDLog.m */ = {isa = PBXFileReference; fileEncoding = 4; lastKnownFileType = sourcecode.c.objc; path = DDLog.m; sourceTree = "<group>"; };
		68DF69B91B4769B4007C36A4 /* DDTTYLogger.h */ = {isa = PBXFileReference; fileEncoding = 4; lastKnownFileType = sourcecode.c.h; path = DDTTYLogger.h; sourceTree = "<group>"; };
		68DF69BA1B4769B4007C36A4 /* DDTTYLogger.m */ = {isa = PBXFileReference; fileEncoding = 4; lastKnownFileType = sourcecode.c.objc; path = DDTTYLogger.m; sourceTree = "<group>"; };
		68DF69BC1B4769B4007C36A4 /* DDContextFilterLogFormatter.h */ = {isa = PBXFileReference; fileEncoding = 4; lastKnownFileType = sourcecode.c.h; path = DDContextFilterLogFormatter.h; sourceTree = "<group>"; };
		68DF69BD1B4769B4007C36A4 /* DDContextFilterLogFormatter.m */ = {isa = PBXFileReference; fileEncoding = 4; lastKnownFileType = sourcecode.c.objc; path = DDContextFilterLogFormatter.m; sourceTree = "<group>"; };
		68DF69BE1B4769B4007C36A4 /* DDDispatchQueueLogFormatter.h */ = {isa = PBXFileReference; fileEncoding = 4; lastKnownFileType = sourcecode.c.h; path = DDDispatchQueueLogFormatter.h; sourceTree = "<group>"; };
		68DF69BF1B4769B4007C36A4 /* DDDispatchQueueLogFormatter.m */ = {isa = PBXFileReference; fileEncoding = 4; lastKnownFileType = sourcecode.c.objc; path = DDDispatchQueueLogFormatter.m; sourceTree = "<group>"; };
		68DF69C01B4769B4007C36A4 /* DDMultiFormatter.h */ = {isa = PBXFileReference; fileEncoding = 4; lastKnownFileType = sourcecode.c.h; path = DDMultiFormatter.h; sourceTree = "<group>"; };
		68DF69C11B4769B4007C36A4 /* DDMultiFormatter.m */ = {isa = PBXFileReference; fileEncoding = 4; lastKnownFileType = sourcecode.c.objc; path = DDMultiFormatter.m; sourceTree = "<group>"; };
/* End PBXFileReference section */

/* Begin PBXFrameworksBuildPhase section */
		68DF69791B469CC3007C36A4 /* Frameworks */ = {
			isa = PBXFrameworksBuildPhase;
			buildActionMask = 2147483647;
			files = (
			);
			runOnlyForDeploymentPostprocessing = 0;
		};
/* End PBXFrameworksBuildPhase section */

/* Begin PBXGroup section */
		68DF69731B469CC3007C36A4 = {
			isa = PBXGroup;
			children = (
				68DF69A71B476992007C36A4 /* GCDAsyncSocket */,
				68DF697E1B469CC4007C36A4 /* QuestionTime */,
				68DF697D1B469CC4007C36A4 /* Products */,
			);
			sourceTree = "<group>";
		};
		68DF697D1B469CC4007C36A4 /* Products */ = {
			isa = PBXGroup;
			children = (
				68DF697C1B469CC4007C36A4 /* QuestionTime.app */,
			);
			name = Products;
			sourceTree = "<group>";
		};
		68DF697E1B469CC4007C36A4 /* QuestionTime */ = {
			isa = PBXGroup;
			children = (
				68DF69A11B46A065007C36A4 /* Network.swift */,
				68DF69811B469CC4007C36A4 /* AppDelegate.swift */,
				68DF69831B469CC4007C36A4 /* ViewController.swift */,
				68DF69851B469CC4007C36A4 /* Main.storyboard */,
				33F73A621B477D6E00EFE8E6 /* PortfolioCollectionViewCell.swift */,
				33F73A601B4777A900EFE8E6 /* PortfolioViewController.swift */,
				336957D71B4783580072AD1E /* PreGameLobbyViewController.swift */,
				331121131B47719300FB1F47 /* MemberCollectionViewCell.swift */,
				68DF69881B469CC4007C36A4 /* Images.xcassets */,
				68DF698A1B469CC4007C36A4 /* LaunchScreen.xib */,
				68DF697F1B469CC4007C36A4 /* Supporting Files */,
				68DF69A41B47637B007C36A4 /* QuestionTime-Bridging-Header.h */,
			);
			path = QuestionTime;
			sourceTree = "<group>";
		};
		68DF697F1B469CC4007C36A4 /* Supporting Files */ = {
			isa = PBXGroup;
			children = (
				68DF69801B469CC4007C36A4 /* Info.plist */,
			);
			name = "Supporting Files";
			sourceTree = "<group>";
		};
		68DF69A71B476992007C36A4 /* GCDAsyncSocket */ = {
			isa = PBXGroup;
			children = (
				68DF69AE1B4769A5007C36A4 /* Vendor */,
				68DF69A81B47699E007C36A4 /* GCDAsyncSocket.h */,
				68DF69A91B47699E007C36A4 /* GCDAsyncSocket.m */,
				68DF69AA1B47699E007C36A4 /* GCDAsyncUdpSocket.h */,
				68DF69AB1B47699E007C36A4 /* GCDAsyncUdpSocket.m */,
			);
			name = GCDAsyncSocket;
			sourceTree = "<group>";
		};
		68DF69AE1B4769A5007C36A4 /* Vendor */ = {
			isa = PBXGroup;
			children = (
				68DF69AF1B4769B4007C36A4 /* CocoaLumberjack */,
			);
			name = Vendor;
			sourceTree = "<group>";
		};
		68DF69AF1B4769B4007C36A4 /* CocoaLumberjack */ = {
			isa = PBXGroup;
			children = (
				68DF69B01B4769B4007C36A4 /* DDAbstractDatabaseLogger.h */,
				68DF69B11B4769B4007C36A4 /* DDAbstractDatabaseLogger.m */,
				68DF69B21B4769B4007C36A4 /* DDASLLogger.h */,
				68DF69B31B4769B4007C36A4 /* DDASLLogger.m */,
				68DF69B41B4769B4007C36A4 /* DDFileLogger.h */,
				68DF69B51B4769B4007C36A4 /* DDFileLogger.m */,
				68DF69B61B4769B4007C36A4 /* DDLog+LOGV.h */,
				68DF69B71B4769B4007C36A4 /* DDLog.h */,
				68DF69B81B4769B4007C36A4 /* DDLog.m */,
				68DF69B91B4769B4007C36A4 /* DDTTYLogger.h */,
				68DF69BA1B4769B4007C36A4 /* DDTTYLogger.m */,
				68DF69BB1B4769B4007C36A4 /* Extensions */,
			);
			name = CocoaLumberjack;
			path = CocoaAsyncSocket/Vendor/CocoaLumberjack;
			sourceTree = "<group>";
		};
		68DF69BB1B4769B4007C36A4 /* Extensions */ = {
			isa = PBXGroup;
			children = (
				68DF69BC1B4769B4007C36A4 /* DDContextFilterLogFormatter.h */,
				68DF69BD1B4769B4007C36A4 /* DDContextFilterLogFormatter.m */,
				68DF69BE1B4769B4007C36A4 /* DDDispatchQueueLogFormatter.h */,
				68DF69BF1B4769B4007C36A4 /* DDDispatchQueueLogFormatter.m */,
				68DF69C01B4769B4007C36A4 /* DDMultiFormatter.h */,
				68DF69C11B4769B4007C36A4 /* DDMultiFormatter.m */,
			);
			path = Extensions;
			sourceTree = "<group>";
		};
/* End PBXGroup section */

/* Begin PBXNativeTarget section */
		68DF697B1B469CC3007C36A4 /* QuestionTime */ = {
			isa = PBXNativeTarget;
			buildConfigurationList = 68DF699B1B469CC4007C36A4 /* Build configuration list for PBXNativeTarget "QuestionTime" */;
			buildPhases = (
				68DF69781B469CC3007C36A4 /* Sources */,
				68DF69791B469CC3007C36A4 /* Frameworks */,
				68DF697A1B469CC3007C36A4 /* Resources */,
			);
			buildRules = (
			);
			dependencies = (
			);
			name = QuestionTime;
			productName = QuestionTime;
			productReference = 68DF697C1B469CC4007C36A4 /* QuestionTime.app */;
			productType = "com.apple.product-type.application";
		};
/* End PBXNativeTarget section */

/* Begin PBXProject section */
		68DF69741B469CC3007C36A4 /* Project object */ = {
			isa = PBXProject;
			attributes = {
				CLASSPREFIX = "";
				LastUpgradeCheck = 0640;
				ORGANIZATIONNAME = "Secret Lab";
				TargetAttributes = {
					68DF697B1B469CC3007C36A4 = {
						CreatedOnToolsVersion = 6.4;
					};
				};
			};
			buildConfigurationList = 68DF69771B469CC3007C36A4 /* Build configuration list for PBXProject "QuestionTime" */;
			compatibilityVersion = "Xcode 3.2";
			developmentRegion = English;
			hasScannedForEncodings = 0;
			knownRegions = (
				en,
				Base,
			);
			mainGroup = 68DF69731B469CC3007C36A4;
			productRefGroup = 68DF697D1B469CC4007C36A4 /* Products */;
			projectDirPath = "";
			projectRoot = "";
			targets = (
				68DF697B1B469CC3007C36A4 /* QuestionTime */,
			);
		};
/* End PBXProject section */

/* Begin PBXResourcesBuildPhase section */
		68DF697A1B469CC3007C36A4 /* Resources */ = {
			isa = PBXResourcesBuildPhase;
			buildActionMask = 2147483647;
			files = (
				68DF69871B469CC4007C36A4 /* Main.storyboard in Resources */,
				68DF698C1B469CC4007C36A4 /* LaunchScreen.xib in Resources */,
				68DF69891B469CC4007C36A4 /* Images.xcassets in Resources */,
			);
			runOnlyForDeploymentPostprocessing = 0;
		};
/* End PBXResourcesBuildPhase section */

/* Begin PBXSourcesBuildPhase section */
		68DF69781B469CC3007C36A4 /* Sources */ = {
			isa = PBXSourcesBuildPhase;
			buildActionMask = 2147483647;
			files = (
				68DF69AC1B47699E007C36A4 /* GCDAsyncSocket.m in Sources */,
				33F73A611B4777A900EFE8E6 /* PortfolioViewController.swift in Sources */,
				68DF69C71B4769B4007C36A4 /* DDTTYLogger.m in Sources */,
				33F73A631B477D6E00EFE8E6 /* PortfolioCollectionViewCell.swift in Sources */,
				68DF69C51B4769B4007C36A4 /* DDFileLogger.m in Sources */,
				68DF69C81B4769B4007C36A4 /* DDContextFilterLogFormatter.m in Sources */,
				68DF69AD1B47699E007C36A4 /* GCDAsyncUdpSocket.m in Sources */,
				336957D81B4783580072AD1E /* PreGameLobbyViewController.swift in Sources */,
				68DF69C31B4769B4007C36A4 /* DDAbstractDatabaseLogger.m in Sources */,
				68DF69841B469CC4007C36A4 /* ViewController.swift in Sources */,
				68DF69CA1B4769B4007C36A4 /* DDMultiFormatter.m in Sources */,
				331121141B47719300FB1F47 /* MemberCollectionViewCell.swift in Sources */,
				68DF69821B469CC4007C36A4 /* AppDelegate.swift in Sources */,
				68DF69C61B4769B4007C36A4 /* DDLog.m in Sources */,
				68DF69C41B4769B4007C36A4 /* DDASLLogger.m in Sources */,
				68DF69A21B46A065007C36A4 /* Network.swift in Sources */,
				68DF69C91B4769B4007C36A4 /* DDDispatchQueueLogFormatter.m in Sources */,
			);
			runOnlyForDeploymentPostprocessing = 0;
		};
/* End PBXSourcesBuildPhase section */

/* Begin PBXVariantGroup section */
		68DF69851B469CC4007C36A4 /* Main.storyboard */ = {
			isa = PBXVariantGroup;
			children = (
				68DF69861B469CC4007C36A4 /* Base */,
			);
			name = Main.storyboard;
			sourceTree = "<group>";
		};
		68DF698A1B469CC4007C36A4 /* LaunchScreen.xib */ = {
			isa = PBXVariantGroup;
			children = (
				68DF698B1B469CC4007C36A4 /* Base */,
			);
			name = LaunchScreen.xib;
			sourceTree = "<group>";
		};
/* End PBXVariantGroup section */

/* Begin XCBuildConfiguration section */
		68DF69991B469CC4007C36A4 /* Debug */ = {
			isa = XCBuildConfiguration;
			buildSettings = {
				ALWAYS_SEARCH_USER_PATHS = NO;
				CLANG_CXX_LANGUAGE_STANDARD = "gnu++0x";
				CLANG_CXX_LIBRARY = "libc++";
				CLANG_ENABLE_MODULES = YES;
				CLANG_ENABLE_OBJC_ARC = YES;
				CLANG_WARN_BOOL_CONVERSION = YES;
				CLANG_WARN_CONSTANT_CONVERSION = YES;
				CLANG_WARN_DIRECT_OBJC_ISA_USAGE = YES_ERROR;
				CLANG_WARN_EMPTY_BODY = YES;
				CLANG_WARN_ENUM_CONVERSION = YES;
				CLANG_WARN_INT_CONVERSION = YES;
				CLANG_WARN_OBJC_ROOT_CLASS = YES_ERROR;
				CLANG_WARN_UNREACHABLE_CODE = YES;
				CLANG_WARN__DUPLICATE_METHOD_MATCH = YES;
				"CODE_SIGN_IDENTITY[sdk=iphoneos*]" = "iPhone Developer";
				COPY_PHASE_STRIP = NO;
				DEBUG_INFORMATION_FORMAT = "dwarf-with-dsym";
				ENABLE_STRICT_OBJC_MSGSEND = YES;
				GCC_C_LANGUAGE_STANDARD = gnu99;
				GCC_DYNAMIC_NO_PIC = NO;
				GCC_NO_COMMON_BLOCKS = YES;
				GCC_OPTIMIZATION_LEVEL = 0;
				GCC_PREPROCESSOR_DEFINITIONS = (
					"DEBUG=1",
					"$(inherited)",
				);
				GCC_SYMBOLS_PRIVATE_EXTERN = NO;
				GCC_WARN_64_TO_32_BIT_CONVERSION = YES;
				GCC_WARN_ABOUT_RETURN_TYPE = YES_ERROR;
				GCC_WARN_UNDECLARED_SELECTOR = YES;
				GCC_WARN_UNINITIALIZED_AUTOS = YES_AGGRESSIVE;
				GCC_WARN_UNUSED_FUNCTION = YES;
				GCC_WARN_UNUSED_VARIABLE = YES;
				IPHONEOS_DEPLOYMENT_TARGET = 8.4;
				MTL_ENABLE_DEBUG_INFO = YES;
				ONLY_ACTIVE_ARCH = YES;
				SDKROOT = iphoneos;
				SWIFT_OPTIMIZATION_LEVEL = "-Onone";
				TARGETED_DEVICE_FAMILY = 2;
			};
			name = Debug;
		};
		68DF699A1B469CC4007C36A4 /* Release */ = {
			isa = XCBuildConfiguration;
			buildSettings = {
				ALWAYS_SEARCH_USER_PATHS = NO;
				CLANG_CXX_LANGUAGE_STANDARD = "gnu++0x";
				CLANG_CXX_LIBRARY = "libc++";
				CLANG_ENABLE_MODULES = YES;
				CLANG_ENABLE_OBJC_ARC = YES;
				CLANG_WARN_BOOL_CONVERSION = YES;
				CLANG_WARN_CONSTANT_CONVERSION = YES;
				CLANG_WARN_DIRECT_OBJC_ISA_USAGE = YES_ERROR;
				CLANG_WARN_EMPTY_BODY = YES;
				CLANG_WARN_ENUM_CONVERSION = YES;
				CLANG_WARN_INT_CONVERSION = YES;
				CLANG_WARN_OBJC_ROOT_CLASS = YES_ERROR;
				CLANG_WARN_UNREACHABLE_CODE = YES;
				CLANG_WARN__DUPLICATE_METHOD_MATCH = YES;
				"CODE_SIGN_IDENTITY[sdk=iphoneos*]" = "iPhone Developer";
				COPY_PHASE_STRIP = NO;
				DEBUG_INFORMATION_FORMAT = "dwarf-with-dsym";
				ENABLE_NS_ASSERTIONS = NO;
				ENABLE_STRICT_OBJC_MSGSEND = YES;
				GCC_C_LANGUAGE_STANDARD = gnu99;
				GCC_NO_COMMON_BLOCKS = YES;
				GCC_WARN_64_TO_32_BIT_CONVERSION = YES;
				GCC_WARN_ABOUT_RETURN_TYPE = YES_ERROR;
				GCC_WARN_UNDECLARED_SELECTOR = YES;
				GCC_WARN_UNINITIALIZED_AUTOS = YES_AGGRESSIVE;
				GCC_WARN_UNUSED_FUNCTION = YES;
				GCC_WARN_UNUSED_VARIABLE = YES;
				IPHONEOS_DEPLOYMENT_TARGET = 8.4;
				MTL_ENABLE_DEBUG_INFO = NO;
				SDKROOT = iphoneos;
				TARGETED_DEVICE_FAMILY = 2;
				VALIDATE_PRODUCT = YES;
			};
			name = Release;
		};
		68DF699C1B469CC4007C36A4 /* Debug */ = {
			isa = XCBuildConfiguration;
			buildSettings = {
				ASSETCATALOG_COMPILER_APPICON_NAME = AppIcon;
				CLANG_ENABLE_MODULES = YES;
				INFOPLIST_FILE = QuestionTime/Info.plist;
				LD_RUNPATH_SEARCH_PATHS = "$(inherited) @executable_path/Frameworks";
				PRODUCT_NAME = "$(TARGET_NAME)";
				SWIFT_OBJC_BRIDGING_HEADER = "QuestionTime/QuestionTime-Bridging-Header.h";
				SWIFT_OPTIMIZATION_LEVEL = "-Onone";
			};
			name = Debug;
		};
		68DF699D1B469CC4007C36A4 /* Release */ = {
			isa = XCBuildConfiguration;
			buildSettings = {
				ASSETCATALOG_COMPILER_APPICON_NAME = AppIcon;
				CLANG_ENABLE_MODULES = YES;
				INFOPLIST_FILE = QuestionTime/Info.plist;
				LD_RUNPATH_SEARCH_PATHS = "$(inherited) @executable_path/Frameworks";
				PRODUCT_NAME = "$(TARGET_NAME)";
				SWIFT_OBJC_BRIDGING_HEADER = "QuestionTime/QuestionTime-Bridging-Header.h";
			};
			name = Release;
		};
/* End XCBuildConfiguration section */

/* Begin XCConfigurationList section */
		68DF69771B469CC3007C36A4 /* Build configuration list for PBXProject "QuestionTime" */ = {
			isa = XCConfigurationList;
			buildConfigurations = (
				68DF69991B469CC4007C36A4 /* Debug */,
				68DF699A1B469CC4007C36A4 /* Release */,
			);
			defaultConfigurationIsVisible = 0;
			defaultConfigurationName = Release;
		};
		68DF699B1B469CC4007C36A4 /* Build configuration list for PBXNativeTarget "QuestionTime" */ = {
			isa = XCConfigurationList;
			buildConfigurations = (
				68DF699C1B469CC4007C36A4 /* Debug */,
				68DF699D1B469CC4007C36A4 /* Release */,
			);
			defaultConfigurationIsVisible = 0;
			defaultConfigurationName = Release;
		};
/* End XCConfigurationList section */
	};
	rootObject = 68DF69741B469CC3007C36A4 /* Project object */;
}
